
Microsoft Visual Studio Solution File, Format Version 12.00
# Visual Studio Version 17
VisualStudioVersion = 17.3.32929.385
MinimumVisualStudioVersion = 10.0.40219.1
Project("{FAE04EC0-301F-11D3-BF4B-00C04F79EFBC}") = "julka", "julka.csproj", "{C5F97A32-7C09-4631-8A70-431E20737F1A}"
EndProject
Global
	GlobalSection(SolutionConfigurationPlatforms) = preSolution
		Debug|Any CPU = Debug|Any CPU
		Release|Any CPU = Release|Any CPU
	EndGlobalSection
	GlobalSection(ProjectConfigurationPlatforms) = postSolution
		{C5F97A32-7C09-4631-8A70-431E20737F1A}.Debug|Any CPU.ActiveCfg = Debug|Any CPU
		{C5F97A32-7C09-4631-8A70-431E20737F1A}.Debug|Any CPU.Build.0 = Debug|Any CPU
		{C5F97A32-7C09-4631-8A70-431E20737F1A}.Release|Any CPU.ActiveCfg = Release|Any CPU
		{C5F97A32-7C09-4631-8A70-431E20737F1A}.Release|Any CPU.Build.0 = Release|Any CPU
	EndGlobalSection
	GlobalSection(SolutionProperties) = preSolution
		HideSolutionNode = FALSE
	EndGlobalSection
	GlobalSection(ExtensibilityGlobals) = postSolution
		SolutionGuid = {B705F609-59BB-4BC9-B02D-1972AE7A09AC}
	EndGlobalSection
EndGlobal
